
Microsoft Visual Studio Solution File, Format Version 12.00
# Visual Studio Version 17
VisualStudioVersion = 17.7.34031.279
MinimumVisualStudioVersion = 10.0.40219.1
Project("{FAE04EC0-301F-11D3-BF4B-00C04F79EFBC}") = "TripAdvisor", "TripAdvisor\TripAdvisor.csproj", "{C0231790-8066-4CBE-BA66-9518540D6887}"
EndProject
Global
	GlobalSection(SolutionConfigurationPlatforms) = preSolution
		Debug|Any CPU = Debug|Any CPU
		Release|Any CPU = Release|Any CPU
	EndGlobalSection
	GlobalSection(ProjectConfigurationPlatforms) = postSolution
		{C0231790-8066-4CBE-BA66-9518540D6887}.Debug|Any CPU.ActiveCfg = Debug|Any CPU
		{C0231790-8066-4CBE-BA66-9518540D6887}.Debug|Any CPU.Build.0 = Debug|Any CPU
		{C0231790-8066-4CBE-BA66-9518540D6887}.Release|Any CPU.ActiveCfg = Release|Any CPU
		{C0231790-8066-4CBE-BA66-9518540D6887}.Release|Any CPU.Build.0 = Release|Any CPU
	EndGlobalSection
	GlobalSection(SolutionProperties) = preSolution
		HideSolutionNode = FALSE
	EndGlobalSection
	GlobalSection(ExtensibilityGlobals) = postSolution
		SolutionGuid = {8A86F683-088B-4A7A-B8C9-1C75AD05223C}
	EndGlobalSection
EndGlobal
